<?xml version="1.0" encoding="utf-8"?>
<Project ToolsVersion="4.0" xmlns="http://schemas.microsoft.com/developer/msbuild/2003">
  <ItemGroup>
    <Filter Include="Source Files">
      <UniqueIdentifier>{79951d87-b458-4ac3-8c49-4d2c0694be8a}</UniqueIdentifier>
      <Extensions>cpp;c;cxx;rc;def;r;odl;idl;hpj;bat</Extensions>
    </Filter>
    <Filter Include="Header Files">
      <UniqueIdentifier>{c1648530-7a1d-45f8-93b6-8c84c6d37bf8}</UniqueIdentifier>
      <Extensions>h;hpp;hxx;hm;inl</Extensions>
    </Filter>
    <Filter Include="Header Files\win32">
      <UniqueIdentifier>{2635e692-346a-48d8-9a02-c8255810e281}</UniqueIdentifier>
    </Filter>
    <Filter Include="Assembly Files %28x86%29">
      <UniqueIdentifier>{7bbf31e6-5a06-46dc-a148-6e8249f78506}</UniqueIdentifier>
      <Extensions>asm</Extensions>
    </Filter>
    <Filter Include="Assembly Files %28AMD64%29">
      <UniqueIdentifier>{75b52063-2d5c-4ec6-8bb0-a341ce64d01d}</UniqueIdentifier>
    </Filter>
    <Filter Include="Precompiled Header Support">
      <UniqueIdentifier>{2cecd536-9d5e-4435-b7cc-7b2b3d6516e2}</UniqueIdentifier>
    </Filter>
  </ItemGroup>
  <ItemGroup>
    <ClCompile Include="source\bitmath.cpp">
      <Filter>Source Files</Filter>
    </ClCompile>
    <ClCompile Include="source\cache.cpp">
      <Filter>Source Files</Filter>
    </ClCompile>
    <ClCompile Include="source\cmdline.cpp">
      <Filter>Source Files</Filter>
    </ClCompile>
    <ClCompile Include="source\cpuaccel.cpp">
      <Filter>Source Files</Filter>
    </ClCompile>
    <ClCompile Include="source\date.cpp">
      <Filter>Source Files</Filter>
    </ClCompile>
    <ClCompile Include="source\debug.cpp">
      <Filter>Source Files</Filter>
    </ClCompile>
    <ClCompile Include="source\debugx86.cpp">
      <Filter>Source Files</Filter>
    </ClCompile>
    <ClCompile Include="source\Error.cpp">
      <Filter>Source Files</Filter>
    </ClCompile>
    <ClCompile Include="source\error_win32.cpp">
      <Filter>Source Files</Filter>
    </ClCompile>
    <ClCompile Include="source\event.cpp">
      <Filter>Source Files</Filter>
    </ClCompile>
    <ClCompile Include="source\file.cpp">
      <Filter>Source Files</Filter>
    </ClCompile>
    <ClCompile Include="source\fileasync.cpp">
      <Filter>Source Files</Filter>
    </ClCompile>
    <ClCompile Include="source\filestream.cpp">
      <Filter>Source Files</Filter>
    </ClCompile>
    <ClCompile Include="source\filesys.cpp">
      <Filter>Source Files</Filter>
    </ClCompile>
    <ClCompile Include="source\filewatcher.cpp">
      <Filter>Source Files</Filter>
    </ClCompile>
    <ClCompile Include="source\Fraction.cpp">
      <Filter>Source Files</Filter>
    </ClCompile>
    <ClCompile Include="source\halffloat.cpp">
      <Filter>Source Files</Filter>
    </ClCompile>
    <ClCompile Include="source\hash.cpp">
      <Filter>Source Files</Filter>
    </ClCompile>
    <ClCompile Include="source\int128.cpp">
      <Filter>Source Files</Filter>
    </ClCompile>
    <ClCompile Include="source\linearalloc.cpp">
      <Filter>Source Files</Filter>
    </ClCompile>
    <ClCompile Include="source\list.cpp">
      <Filter>Source Files</Filter>
    </ClCompile>
    <ClCompile Include="source\log.cpp">
      <Filter>Source Files</Filter>
    </ClCompile>
    <ClCompile Include="source\math.cpp">
      <Filter>Source Files</Filter>
    </ClCompile>
    <ClCompile Include="source\memory.cpp">
      <Filter>Source Files</Filter>
    </ClCompile>
    <ClCompile Include="source\process.cpp">
      <Filter>Source Files</Filter>
    </ClCompile>
    <ClCompile Include="source\profile.cpp">
      <Filter>Source Files</Filter>
    </ClCompile>
    <ClCompile Include="source\progress.cpp">
      <Filter>Source Files</Filter>
    </ClCompile>
    <ClCompile Include="source\protscope.cpp">
      <Filter>Source Files</Filter>
    </ClCompile>
    <ClCompile Include="source\refcount.cpp">
      <Filter>Source Files</Filter>
    </ClCompile>
    <ClCompile Include="source\registry.cpp">
      <Filter>Source Files</Filter>
    </ClCompile>
    <ClCompile Include="..\h\vd2\system\source\registrymemory.cpp">
      <Filter>Source Files</Filter>
    </ClCompile>
    <ClCompile Include="source\strutil.cpp">
      <Filter>Source Files</Filter>
    </ClCompile>
    <ClCompile Include="source\text.cpp">
      <Filter>Source Files</Filter>
    </ClCompile>
    <ClCompile Include="source\thread.cpp">
      <Filter>Source Files</Filter>
    </ClCompile>
    <ClCompile Include="source\thunk.cpp">
      <Filter>Source Files</Filter>
    </ClCompile>
    <ClCompile Include="source\time.cpp">
      <Filter>Source Files</Filter>
    </ClCompile>
    <ClCompile Include="source\tls.cpp">
      <Filter>Source Files</Filter>
    </ClCompile>
    <ClCompile Include="source\vdalloc.cpp">
      <Filter>Source Files</Filter>
    </ClCompile>
    <ClCompile Include="source\VDNamespace.cpp">
      <Filter>Source Files</Filter>
    </ClCompile>
    <ClCompile Include="source\VDScheduler.cpp">
      <Filter>Source Files</Filter>
    </ClCompile>
    <ClCompile Include="source\vdstl.cpp">
      <Filter>Source Files</Filter>
    </ClCompile>
    <ClCompile Include="source\vdstl_hash.cpp">
      <Filter>Source Files</Filter>
    </ClCompile>
    <ClCompile Include="source\vdstl_hashtable.cpp">
      <Filter>Source Files</Filter>
    </ClCompile>
    <ClCompile Include="source\VDString.cpp">
      <Filter>Source Files</Filter>
    </ClCompile>
    <ClCompile Include="source\vectors.cpp">
      <Filter>Source Files</Filter>
    </ClCompile>
    <ClCompile Include="source\w32assist.cpp">
      <Filter>Source Files</Filter>
    </ClCompile>
    <ClCompile Include="source\zip.cpp">
      <Filter>Source Files</Filter>
    </ClCompile>
    <ClCompile Include="source\stdaccel.cpp">
      <Filter>Precompiled Header Support</Filter>
    </ClCompile>
    <ClCompile Include="source\stdafx.cpp">
      <Filter>Precompiled Header Support</Filter>
    </ClCompile>
  </ItemGroup>
  <ItemGroup>
    <ClInclude Include="..\h\vd2\system\atomic.h">
      <Filter>Header Files</Filter>
    </ClInclude>
    <ClInclude Include="..\h\vd2\system\binary.h">
      <Filter>Header Files</Filter>
    </ClInclude>
    <ClInclude Include="..\h\vd2\system\bitmath.h">
      <Filter>Header Files</Filter>
    </ClInclude>
    <ClInclude Include="..\h\vd2\system\cache.h">
      <Filter>Header Files</Filter>
    </ClInclude>
    <ClInclude Include="..\h\vd2\system\cmdline.h">
      <Filter>Header Files</Filter>
    </ClInclude>
    <ClInclude Include="..\h\VD2\system\cpuaccel.h">
      <Filter>Header Files</Filter>
    </ClInclude>
    <ClInclude Include="..\h\vd2\system\date.h">
      <Filter>Header Files</Filter>
    </ClInclude>
    <ClInclude Include="..\h\vd2\system\debug.h">
      <Filter>Header Files</Filter>
    </ClInclude>
    <ClInclude Include="..\h\vd2\system\debugx86.h">
      <Filter>Header Files</Filter>
    </ClInclude>
    <ClInclude Include="..\h\VD2\system\Error.h">
      <Filter>Header Files</Filter>
    </ClInclude>
    <ClInclude Include="..\h\vd2\system\event.h">
      <Filter>Header Files</Filter>
    </ClInclude>
    <ClInclude Include="..\h\vd2\system\file.h">
      <Filter>Header Files</Filter>
    </ClInclude>
    <ClInclude Include="..\h\vd2\system\fileasync.h">
      <Filter>Header Files</Filter>
    </ClInclude>
    <ClInclude Include="..\h\VD2\system\filesys.h">
      <Filter>Header Files</Filter>
    </ClInclude>
    <ClInclude Include="..\h\vd2\system\filewatcher.h">
      <Filter>Header Files</Filter>
    </ClInclude>
    <ClInclude Include="..\h\VD2\system\Fraction.h">
      <Filter>Header Files</Filter>
    </ClInclude>
    <ClInclude Include="..\h\vd2\system\halffloat.h">
      <Filter>Header Files</Filter>
    </ClInclude>
    <ClInclude Include="..\h\vd2\system\hash.h">
      <Filter>Header Files</Filter>
    </ClInclude>
    <ClInclude Include="..\h\VD2\system\int128.h">
      <Filter>Header Files</Filter>
    </ClInclude>
    <ClInclude Include="..\h\vd2\system\linearalloc.h">
      <Filter>Header Files</Filter>
    </ClInclude>
    <ClInclude Include="..\h\VD2\system\list.h">
      <Filter>Header Files</Filter>
    </ClInclude>
    <ClInclude Include="..\h\vd2\system\log.h">
      <Filter>Header Files</Filter>
    </ClInclude>
    <ClInclude Include="..\h\vd2\system\math.h">
      <Filter>Header Files</Filter>
    </ClInclude>
    <ClInclude Include="..\h\VD2\system\memory.h">
      <Filter>Header Files</Filter>
    </ClInclude>
    <ClInclude Include="..\h\vd2\system\process.h">
      <Filter>Header Files</Filter>
    </ClInclude>
    <ClInclude Include="..\h\vd2\system\profile.h">
      <Filter>Header Files</Filter>
    </ClInclude>
    <ClInclude Include="..\h\VD2\system\progress.h">
      <Filter>Header Files</Filter>
    </ClInclude>
    <ClInclude Include="..\h\vd2\system\protscope.h">
      <Filter>Header Files</Filter>
    </ClInclude>
    <ClInclude Include="..\h\vd2\system\refcount.h">
      <Filter>Header Files</Filter>
    </ClInclude>
    <ClInclude Include="..\h\VD2\system\registry.h">
      <Filter>Header Files</Filter>
    </ClInclude>
    <ClInclude Include="..\h\vd2\system\registrymemory.h">
      <Filter>Header Files</Filter>
    </ClInclude>
    <ClInclude Include="..\h\vd2\system\seh.h">
      <Filter>Header Files</Filter>
    </ClInclude>
    <ClInclude Include="..\h\VD2\system\strutil.h">
      <Filter>Header Files</Filter>
    </ClInclude>
    <ClInclude Include="..\h\VD2\system\text.h">
      <Filter>Header Files</Filter>
    </ClInclude>
    <ClInclude Include="..\h\VD2\system\thread.h">
      <Filter>Header Files</Filter>
    </ClInclude>
    <ClInclude Include="..\h\vd2\system\thunk.h">
      <Filter>Header Files</Filter>
    </ClInclude>
    <ClInclude Include="..\h\vd2\system\time.h">
      <Filter>Header Files</Filter>
    </ClInclude>
    <ClInclude Include="..\h\VD2\system\tls.h">
      <Filter>Header Files</Filter>
    </ClInclude>
    <ClInclude Include="..\h\vd2\system\unknown.h">
      <Filter>Header Files</Filter>
    </ClInclude>
    <ClInclude Include="..\h\VD2\system\vdalloc.h">
      <Filter>Header Files</Filter>
    </ClInclude>
    <ClInclude Include="..\h\VD2\system\VDNamespace.h">
      <Filter>Header Files</Filter>
    </ClInclude>
    <ClInclude Include="..\h\VD2\system\VDQueue.h">
      <Filter>Header Files</Filter>
    </ClInclude>
    <ClInclude Include="..\h\VD2\system\VDRingBuffer.h">
      <Filter>Header Files</Filter>
    </ClInclude>
    <ClInclude Include="..\h\VD2\system\VDScheduler.h">
      <Filter>Header Files</Filter>
    </ClInclude>
    <ClInclude Include="..\h\vd2\system\vdstdc.h">
      <Filter>Header Files</Filter>
    </ClInclude>
    <ClInclude Include="..\h\vd2\system\vdstl.h">
      <Filter>Header Files</Filter>
    </ClInclude>
    <ClInclude Include="..\h\vd2\system\vdstl_hash.h">
      <Filter>Header Files</Filter>
    </ClInclude>
    <ClInclude Include="..\h\vd2\system\vdstl_hashmap.h">
      <Filter>Header Files</Filter>
    </ClInclude>
    <ClInclude Include="..\h\vd2\system\vdstl_hashset.h">
      <Filter>Header Files</Filter>
    </ClInclude>
    <ClInclude Include="..\h\vd2\system\vdstl_hashtable.h">
      <Filter>Header Files</Filter>
    </ClInclude>
    <ClInclude Include="..\h\vd2\system\vdstl_vector.h">
      <Filter>Header Files</Filter>
    </ClInclude>
    <ClInclude Include="..\h\VD2\system\VDString.h">
      <Filter>Header Files</Filter>
    </ClInclude>
    <ClInclude Include="..\h\VD2\system\vdtypes.h">
      <Filter>Header Files</Filter>
    </ClInclude>
    <ClInclude Include="..\h\vd2\system\vectors.h">
      <Filter>Header Files</Filter>
    </ClInclude>
    <ClInclude Include="..\h\vd2\system\vectors_float.h">
      <Filter>Header Files</Filter>
    </ClInclude>
    <ClInclude Include="..\h\vd2\system\vectors_int.h">
      <Filter>Header Files</Filter>
    </ClInclude>
    <ClInclude Include="..\h\vd2\system\w32assist.h">
      <Filter>Header Files</Filter>
    </ClInclude>
    <ClInclude Include="..\h\vd2\system\zip.h">
      <Filter>Header Files</Filter>
    </ClInclude>
    <ClInclude Include="..\h\vd2\system\win32\intrin.h">
      <Filter>Header Files\win32</Filter>
    </ClInclude>
    <ClInclude Include="..\h\vd2\system\win32\miniwindows.h">
      <Filter>Header Files\win32</Filter>
    </ClInclude>
    <ClInclude Include="h\stdafx.h">
      <Filter>Precompiled Header Support</Filter>
    </ClInclude>
  </ItemGroup>
  <ItemGroup>
    <YASM Include="source\a_memory.asm">
      <Filter>Assembly Files %28x86%29</Filter>
    </YASM>
    <YASM Include="source\a_thunk.asm">
      <Filter>Assembly Files %28x86%29</Filter>
    </YASM>
    <YASM Include="source\a64_cpuaccel.asm">
      <Filter>Assembly Files %28AMD64%29</Filter>
    </YASM>
    <YASM Include="source\a64_fraction.asm">
      <Filter>Assembly Files %28AMD64%29</Filter>
    </YASM>
    <YASM Include="source\a64_int128.asm">
      <Filter>Assembly Files %28AMD64%29</Filter>
    </YASM>
    <YASM Include="source\a64_thunk.asm">
      <Filter>Assembly Files %28AMD64%29</Filter>
    </YASM>
  </ItemGroup>
</Project>