<?xml version="1.0" encoding="utf-8"?>
<Project ToolsVersion="4.0" xmlns="http://schemas.microsoft.com/developer/msbuild/2003">
  <ItemGroup>
    <Filter Include="Source Files">
      <UniqueIdentifier>{e97dc65c-4377-4a7f-82bf-ee3c583596d4}</UniqueIdentifier>
      <Extensions>cpp;c;cxx;rc;def;r;odl;idl;hpj;bat</Extensions>
    </Filter>
    <Filter Include="Header Files">
      <UniqueIdentifier>{227a8a52-cb16-42b0-a65a-e5e641380dd8}</UniqueIdentifier>
      <Extensions>h;hpp;hxx;hm;inl</Extensions>
    </Filter>
    <Filter Include="Interface Files">
      <UniqueIdentifier>{952ecc40-6314-41e9-a0ce-f93e3b2ac3a4}</UniqueIdentifier>
    </Filter>
    <Filter Include="Assembly Files %28AMD64%29">
      <UniqueIdentifier>{de9da09a-6a22-45f4-bf9f-dfcc01ca23a0}</UniqueIdentifier>
    </Filter>
  </ItemGroup>
  <ItemGroup>
    <ClCompile Include="source\convert.cpp">
      <Filter>Source Files</Filter>
    </ClCompile>
    <ClCompile Include="source\engine.cpp">
      <Filter>Source Files</Filter>
    </ClCompile>
    <ClCompile Include="source\layer1.cpp">
      <Filter>Source Files</Filter>
    </ClCompile>
    <ClCompile Include="source\layer2.cpp">
      <Filter>Source Files</Filter>
    </ClCompile>
    <ClCompile Include="source\layer3.cpp">
      <Filter>Source Files</Filter>
    </ClCompile>
    <ClCompile Include="source\layer3tables.cpp">
      <Filter>Source Files</Filter>
    </ClCompile>
    <ClCompile Include="source\polyphase.cpp">
      <Filter>Source Files</Filter>
    </ClCompile>
  </ItemGroup>
  <ItemGroup>
    <ClInclude Include="h\bitreader.h">
      <Filter>Header Files</Filter>
    </ClInclude>
    <ClInclude Include="h\engine.h">
      <Filter>Header Files</Filter>
    </ClInclude>
    <ClInclude Include="h\polyphase.h">
      <Filter>Header Files</Filter>
    </ClInclude>
    <ClInclude Include="..\h\vd2\Priss\convert.h">
      <Filter>Interface Files</Filter>
    </ClInclude>
    <ClInclude Include="..\h\vd2\Priss\decoder.h">
      <Filter>Interface Files</Filter>
    </ClInclude>
  </ItemGroup>
  <ItemGroup>
    <YASM Include="source\a64_polyphase.asm">
      <Filter>Assembly Files %28AMD64%29</Filter>
    </YASM>
  </ItemGroup>
</Project>