<?xml version="1.0" encoding="utf-8"?>
<Project ToolsVersion="4.0" xmlns="http://schemas.microsoft.com/developer/msbuild/2003">
  <ItemGroup>
    <Filter Include="Source Files">
      <UniqueIdentifier>{4FC737F1-C7A5-4376-A066-2A32D752A2FF}</UniqueIdentifier>
      <Extensions>cpp;c;cc;cxx;def;odl;idl;hpj;bat;asm;asmx</Extensions>
    </Filter>
    <Filter Include="Source Files\win32">
      <UniqueIdentifier>{3d28806c-0777-4e65-94aa-9f7b578e2a72}</UniqueIdentifier>
    </Filter>
    <Filter Include="Header Files">
      <UniqueIdentifier>{93995380-89BD-4b04-88EB-625FBE52EBFB}</UniqueIdentifier>
      <Extensions>h;hpp;hxx;hm;inl;inc;xsd</Extensions>
    </Filter>
    <Filter Include="Resource Files">
      <UniqueIdentifier>{67DA6AB6-F800-4c08-8B7A-83BB121AAD01}</UniqueIdentifier>
      <Extensions>rc;ico;cur;bmp;dlg;rc2;rct;bin;rgs;gif;jpg;jpeg;jpe;resx;tiff;tif;png;wav</Extensions>
    </Filter>
    <Filter Include="Interface Files">
      <UniqueIdentifier>{256f8d0c-ca3c-4203-83cb-3b4b3c3cb481}</UniqueIdentifier>
    </Filter>
    <Filter Include="Interface Files\win32">
      <UniqueIdentifier>{2ee97cd6-de33-42f6-9f15-0e76aca70341}</UniqueIdentifier>
    </Filter>
  </ItemGroup>
  <ItemGroup>
    <ClCompile Include="source\Dialog.cpp">
      <Filter>Source Files</Filter>
    </ClCompile>
    <ClCompile Include="source\fft.cpp">
      <Filter>Source Files</Filter>
    </ClCompile>
    <ClCompile Include="source\Job.cpp">
      <Filter>Source Files</Filter>
    </ClCompile>
    <ClCompile Include="source\ParameterCurve.cpp">
      <Filter>Source Files</Filter>
    </ClCompile>
    <ClCompile Include="source\PortableRegistry.cpp">
      <Filter>Source Files</Filter>
    </ClCompile>
    <ClCompile Include="stdafx.cpp">
      <Filter>Source Files</Filter>
    </ClCompile>
    <ClCompile Include="source\UIProxies.cpp">
      <Filter>Source Files</Filter>
    </ClCompile>
    <ClCompile Include="source\win32\DebugOutputFilter.cpp">
      <Filter>Source Files\win32</Filter>
    </ClCompile>
    <ClCompile Include="source\win32\DIBSection.cpp">
      <Filter>Source Files\win32</Filter>
    </ClCompile>
    <ClCompile Include="source\win32\FileMapping.cpp">
      <Filter>Source Files\win32</Filter>
    </ClCompile>
  </ItemGroup>
  <ItemGroup>
    <None Include="h\fft_radix2.inl">
      <Filter>Header Files</Filter>
    </None>
    <None Include="h\fft_radix4.inl">
      <Filter>Header Files</Filter>
    </None>
    <None Include="h\fft_sse.inl">
      <Filter>Header Files</Filter>
    </None>
  </ItemGroup>
  <ItemGroup>
    <ClInclude Include="stdafx.h">
      <Filter>Header Files</Filter>
    </ClInclude>
    <ClInclude Include="..\h\vd2\VDLib\Dialog.h">
      <Filter>Interface Files</Filter>
    </ClInclude>
    <ClInclude Include="..\h\vd2\VDLib\fft.h">
      <Filter>Interface Files</Filter>
    </ClInclude>
    <ClInclude Include="..\h\vd2\VDLib\Job.h">
      <Filter>Interface Files</Filter>
    </ClInclude>
    <ClInclude Include="..\h\vd2\VDLib\ParameterCurve.h">
      <Filter>Interface Files</Filter>
    </ClInclude>
    <ClInclude Include="..\h\vd2\VDLib\PortableRegistry.h">
      <Filter>Interface Files</Filter>
    </ClInclude>
    <ClInclude Include="..\h\vd2\VDLib\UIProxies.h">
      <Filter>Interface Files</Filter>
    </ClInclude>
    <ClInclude Include="..\h\vd2\VDLib\win32\DebugOutputFilter.h">
      <Filter>Interface Files\win32</Filter>
    </ClInclude>
    <ClInclude Include="..\h\vd2\VDLib\win32\DIBSection.h">
      <Filter>Interface Files\win32</Filter>
    </ClInclude>
    <ClInclude Include="..\h\vd2\VDLib\win32\FileMapping.h">
      <Filter>Interface Files\win32</Filter>
    </ClInclude>
  </ItemGroup>
</Project>