<?xml version="1.0" encoding="utf-8"?>
<Project ToolsVersion="4.0" xmlns="http://schemas.microsoft.com/developer/msbuild/2003">
  <ItemGroup>
    <Filter Include="Source Files">
      <UniqueIdentifier>{4FC737F1-C7A5-4376-A066-2A32D752A2FF}</UniqueIdentifier>
      <Extensions>cpp;c;cc;cxx;def;odl;idl;hpj;bat;asm;asmx</Extensions>
    </Filter>
    <Filter Include="Header Files">
      <UniqueIdentifier>{93995380-89BD-4b04-88EB-625FBE52EBFB}</UniqueIdentifier>
      <Extensions>h;hpp;hxx;hm;inl;inc;xsd</Extensions>
    </Filter>
    <Filter Include="Resource Files">
      <UniqueIdentifier>{67DA6AB6-F800-4c08-8B7A-83BB121AAD01}</UniqueIdentifier>
      <Extensions>rc;ico;cur;bmp;dlg;rc2;rct;bin;rgs;gif;jpg;jpeg;jpe;resx;tiff;tif;png;wav</Extensions>
    </Filter>
    <Filter Include="Precompiled Header">
      <UniqueIdentifier>{a63333a4-eb4e-46c4-bfbd-f007a94f389d}</UniqueIdentifier>
    </Filter>
    <Filter Include="Interface Files">
      <UniqueIdentifier>{51b44c98-c9ab-4d73-8dae-9c258e25b57c}</UniqueIdentifier>
    </Filter>
    <Filter Include="Interface Files\win32">
      <UniqueIdentifier>{757894b4-f650-4652-8d6c-dbc55d6138fb}</UniqueIdentifier>
    </Filter>
    <Filter Include="Shader Files">
      <UniqueIdentifier>{966d9fd7-6da5-4f53-bd79-223624e5fd04}</UniqueIdentifier>
    </Filter>
  </ItemGroup>
  <ItemGroup>
    <ClCompile Include="AudioGrabberWASAPI.cpp">
      <Filter>Source Files</Filter>
    </ClCompile>
    <ClCompile Include="source\cap_dshow.cpp">
      <Filter>Source Files</Filter>
    </ClCompile>
    <ClCompile Include="source\cap_screen.cpp">
      <Filter>Source Files</Filter>
    </ClCompile>
    <ClCompile Include="source\cap_vfw.cpp">
      <Filter>Source Files</Filter>
    </ClCompile>
    <ClCompile Include="source\capaudiocomp.cpp">
      <Filter>Source Files</Filter>
    </ClCompile>
    <ClCompile Include="source\caplog.cpp">
      <Filter>Source Files</Filter>
    </ClCompile>
    <ClCompile Include="source\capreplay.cpp">
      <Filter>Source Files</Filter>
    </ClCompile>
    <ClCompile Include="source\capresync.cpp">
      <Filter>Source Files</Filter>
    </ClCompile>
    <ClCompile Include="source\ScreenGrabberDXGI12.cpp">
      <Filter>Source Files</Filter>
    </ClCompile>
    <ClCompile Include="source\ScreenGrabberGDI.cpp">
      <Filter>Source Files</Filter>
    </ClCompile>
    <ClCompile Include="source\ScreenGrabberGL.cpp">
      <Filter>Source Files</Filter>
    </ClCompile>
    <ClCompile Include="source\stdafx.cpp">
      <Filter>Precompiled Header</Filter>
    </ClCompile>
  </ItemGroup>
  <ItemGroup>
    <ClInclude Include="h\cap_screen.h">
      <Filter>Header Files</Filter>
    </ClInclude>
    <ClInclude Include="h\stdafx.h">
      <Filter>Header Files</Filter>
    </ClInclude>
    <ClInclude Include="res\resource.h">
      <Filter>Resource Files</Filter>
    </ClInclude>
    <ClInclude Include="..\h\vd2\VDCapture\AudioGrabberWASAPI.h">
      <Filter>Interface Files</Filter>
    </ClInclude>
    <ClInclude Include="..\h\vd2\VDCapture\cap_dshow.h">
      <Filter>Interface Files</Filter>
    </ClInclude>
    <ClInclude Include="..\h\vd2\VDCapture\capaudiocomp.h">
      <Filter>Interface Files</Filter>
    </ClInclude>
    <ClInclude Include="..\h\vd2\VDCapture\capdriver.h">
      <Filter>Interface Files</Filter>
    </ClInclude>
    <ClInclude Include="..\h\vd2\VDCapture\capdrivers.h">
      <Filter>Interface Files</Filter>
    </ClInclude>
    <ClInclude Include="..\h\vd2\VDCapture\caplog.h">
      <Filter>Interface Files</Filter>
    </ClInclude>
    <ClInclude Include="..\h\vd2\VDCapture\capreplay.h">
      <Filter>Interface Files</Filter>
    </ClInclude>
    <ClInclude Include="..\h\vd2\VDCapture\capresync.h">
      <Filter>Interface Files</Filter>
    </ClInclude>
    <ClInclude Include="..\h\vd2\VDCapture\ScreenGrabber.h">
      <Filter>Interface Files</Filter>
    </ClInclude>
    <ClInclude Include="..\h\vd2\VDCapture\ScreenGrabberDXGI12.h">
      <Filter>Interface Files</Filter>
    </ClInclude>
    <ClInclude Include="..\h\vd2\VDCapture\ScreenGrabberGDI.h">
      <Filter>Interface Files</Filter>
    </ClInclude>
    <ClInclude Include="..\h\vd2\VDCapture\ScreenGrabberGL.h">
      <Filter>Interface Files</Filter>
    </ClInclude>
    <ClInclude Include="..\h\vd2\VDCapture\win32\api_dxgi.h">
      <Filter>Interface Files\win32</Filter>
    </ClInclude>
    <ClInclude Include="..\h\vd2\VDCapture\win32\api_wasapi.h">
      <Filter>Interface Files\win32</Filter>
    </ClInclude>
  </ItemGroup>
  <ItemGroup>
    <None Include="h\d3d11_downscale_shader.inl">
      <Filter>Header Files</Filter>
    </None>
  </ItemGroup>
  <ItemGroup>
    <ResourceCompile Include="res\VDCapture.rc">
      <Filter>Resource Files</Filter>
    </ResourceCompile>
  </ItemGroup>
  <ItemGroup>
    <CustomBuild Include="source\cap_screen_glshaders.vdfx">
      <Filter>Shader Files</Filter>
    </CustomBuild>
    <CustomBuild Include="source\d3d11_colorconv.fx">
      <Filter>Shader Files</Filter>
    </CustomBuild>
    <CustomBuild Include="source\d3d11_display.fx">
      <Filter>Shader Files</Filter>
    </CustomBuild>
    <CustomBuild Include="source\d3d11_downscale.fx">
      <Filter>Shader Files</Filter>
    </CustomBuild>
    <CustomBuild Include="source\d3d11_pointer.fx">
      <Filter>Shader Files</Filter>
    </CustomBuild>
  </ItemGroup>
</Project>