<?xml version="1.0" encoding="utf-8"?>
<Project ToolsVersion="4.0" xmlns="http://schemas.microsoft.com/developer/msbuild/2003">
  <ItemGroup>
    <Filter Include="Source Files">
      <UniqueIdentifier>{4FC737F1-C7A5-4376-A066-2A32D752A2FF}</UniqueIdentifier>
      <Extensions>cpp;c;cc;cxx;def;odl;idl;hpj;bat;asm;asmx</Extensions>
    </Filter>
    <Filter Include="Header Files">
      <UniqueIdentifier>{93995380-89BD-4b04-88EB-625FBE52EBFB}</UniqueIdentifier>
      <Extensions>h;hpp;hxx;hm;inl;inc;xsd</Extensions>
    </Filter>
    <Filter Include="Resource Files">
      <UniqueIdentifier>{67DA6AB6-F800-4c08-8B7A-83BB121AAD01}</UniqueIdentifier>
      <Extensions>rc;ico;cur;bmp;dlg;rc2;rct;bin;rgs;gif;jpg;jpeg;jpe;resx;tiff;tif;png;wav</Extensions>
    </Filter>
    <Filter Include="Precompiled Header Files">
      <UniqueIdentifier>{19e466d3-0043-4e6f-ae2d-f1b74db13540}</UniqueIdentifier>
    </Filter>
    <Filter Include="Interface Header Files">
      <UniqueIdentifier>{42b91962-07fe-45d1-a5d1-a3e022299656}</UniqueIdentifier>
    </Filter>
    <Filter Include="Shader Source Files">
      <UniqueIdentifier>{37e48dd4-8539-47ca-8cea-2bbb354c9429}</UniqueIdentifier>
    </Filter>
    <Filter Include="Autogenerated Header Files">
      <UniqueIdentifier>{b48a5a6b-52cb-4ecc-9a29-94421d43fe0f}</UniqueIdentifier>
    </Filter>
  </ItemGroup>
  <ItemGroup>
    <ClCompile Include="source\bicubic.cpp">
      <Filter>Source Files</Filter>
    </ClCompile>
    <ClCompile Include="source\display.cpp">
      <Filter>Source Files</Filter>
    </ClCompile>
    <ClCompile Include="source\displaydrv.cpp">
      <Filter>Source Files</Filter>
    </ClCompile>
    <ClCompile Include="source\displaydrv3d.cpp">
      <Filter>Source Files</Filter>
    </ClCompile>
    <ClCompile Include="source\displaymgr.cpp">
      <Filter>Source Files</Filter>
    </ClCompile>
    <ClCompile Include="source\renderer.cpp">
      <Filter>Source Files</Filter>
    </ClCompile>
    <ClCompile Include="source\stdafx.cpp">
      <Filter>Precompiled Header Files</Filter>
    </ClCompile>
  </ItemGroup>
  <ItemGroup>
    <ClInclude Include="h\bicubic.h">
      <Filter>Header Files</Filter>
    </ClInclude>
    <ClInclude Include="h\displaydrv3d.h">
      <Filter>Header Files</Filter>
    </ClInclude>
    <ClInclude Include="h\displaymgr.h">
      <Filter>Header Files</Filter>
    </ClInclude>
    <ClInclude Include="h\stdafx.h">
      <Filter>Precompiled Header Files</Filter>
    </ClInclude>
    <ClInclude Include="..\h\vd2\VDDisplay\compositor.h">
      <Filter>Interface Header Files</Filter>
    </ClInclude>
    <ClInclude Include="..\h\vd2\VDDisplay\display.h">
      <Filter>Interface Header Files</Filter>
    </ClInclude>
    <ClInclude Include="..\h\vd2\VDDisplay\displaydrv.h">
      <Filter>Interface Header Files</Filter>
    </ClInclude>
    <ClInclude Include="..\h\vd2\VDDisplay\renderer.h">
      <Filter>Interface Header Files</Filter>
    </ClInclude>
  </ItemGroup>
  <ItemGroup>
    <None Include="shaders\bicubic.fxh">
      <Filter>Shader Source Files</Filter>
    </None>
    <None Include="shaders\pal8.fxh">
      <Filter>Shader Source Files</Filter>
    </None>
    <None Include="shaders\rgb.fxh">
      <Filter>Shader Source Files</Filter>
    </None>
    <None Include="shaders\sysdefs.fxh">
      <Filter>Shader Source Files</Filter>
    </None>
    <None Include="shaders\utils.fxh">
      <Filter>Shader Source Files</Filter>
    </None>
    <None Include="shaders\ycbcr.fxh">
      <Filter>Shader Source Files</Filter>
    </None>
    <None Include="shaders\ycbcr_interleaved.fxh">
      <Filter>Shader Source Files</Filter>
    </None>
    <None Include="autogen\image_shader.inl">
      <Filter>Autogenerated Header Files</Filter>
    </None>
  </ItemGroup>
  <ItemGroup>
    <CustomBuild Include="shaders\image.fx">
      <Filter>Shader Source Files</Filter>
    </CustomBuild>
  </ItemGroup>
</Project>