<?xml version="1.0" encoding="utf-8"?>
<Project ToolsVersion="4.0" xmlns="http://schemas.microsoft.com/developer/msbuild/2003">
  <ItemGroup>
    <Filter Include="Source Files">
      <UniqueIdentifier>{0fbfe262-7583-4871-a5c7-067b30fc6dff}</UniqueIdentifier>
      <Extensions>cpp;c;cxx;rc;def;r;odl;idl;hpj;bat</Extensions>
    </Filter>
    <Filter Include="Header Files">
      <UniqueIdentifier>{f5a50e55-3f20-42a2-83fb-d7e4c2b678b9}</UniqueIdentifier>
      <Extensions>h;hpp;hxx;hm;inl</Extensions>
    </Filter>
    <Filter Include="Assembly Files %28x86%29">
      <UniqueIdentifier>{0299add5-4099-41ed-9733-807768fd3666}</UniqueIdentifier>
      <Extensions>.asm</Extensions>
    </Filter>
    <Filter Include="Shader Files">
      <UniqueIdentifier>{34111195-f315-4b9b-b238-276bcedb5de4}</UniqueIdentifier>
      <Extensions>fx</Extensions>
    </Filter>
    <Filter Include="Autogenerated Header Files">
      <UniqueIdentifier>{621c8f76-d1e7-4e0e-bc0a-e6368af22d8f}</UniqueIdentifier>
    </Filter>
    <Filter Include="Interface Files">
      <UniqueIdentifier>{cde1d38a-a925-46d5-be6b-c5dd7f4f2f59}</UniqueIdentifier>
    </Filter>
  </ItemGroup>
  <ItemGroup>
    <ClCompile Include="source\ac_mpeg.cpp">
      <Filter>Source Files</Filter>
    </ClCompile>
    <ClCompile Include="source\ac_xlaw.cpp">
      <Filter>Source Files</Filter>
    </ClCompile>
    <ClCompile Include="source\audiocodec.cpp">
      <Filter>Source Files</Filter>
    </ClCompile>
    <ClCompile Include="source\audioformat.cpp">
      <Filter>Source Files</Filter>
    </ClCompile>
    <ClCompile Include="source\audioout.cpp">
      <Filter>Source Files</Filter>
    </ClCompile>
    <ClCompile Include="source\bitmap.cpp">
      <Filter>Source Files</Filter>
    </ClCompile>
    <ClCompile Include="source\direct3d.cpp">
      <Filter>Source Files</Filter>
    </ClCompile>
    <ClCompile Include="source\displayd3dfx.cpp">
      <Filter>Source Files</Filter>
    </ClCompile>
    <ClCompile Include="source\displayddraw.cpp">
      <Filter>Source Files</Filter>
    </ClCompile>
    <ClCompile Include="source\displaydx9.cpp">
      <Filter>Source Files</Filter>
    </ClCompile>
    <ClCompile Include="source\displaygdi.cpp">
      <Filter>Source Files</Filter>
    </ClCompile>
    <ClCompile Include="source\displaygl.cpp">
      <Filter>Source Files</Filter>
    </ClCompile>
    <ClCompile Include="source\opengl.cpp">
      <Filter>Source Files</Filter>
    </ClCompile>
    <ClCompile Include="source\vc_dv.cpp">
      <Filter>Source Files</Filter>
    </ClCompile>
    <ClCompile Include="source\vc_huffyuv.cpp">
      <Filter>Source Files</Filter>
    </ClCompile>
    <ClCompile Include="source\w32audiocodec.cpp">
      <Filter>Source Files</Filter>
    </ClCompile>
    <ClCompile Include="source\w32videocodec.cpp">
      <Filter>Source Files</Filter>
    </ClCompile>
    <ClCompile Include="source\w32videocodecpack.cpp">
      <Filter>Source Files</Filter>
    </ClCompile>
  </ItemGroup>
  <ItemGroup>
    <ClInclude Include="h\d3dxfx.h">
      <Filter>Header Files</Filter>
    </ClInclude>
    <ClInclude Include="..\h\vd2\Riza\audiocodec.h">
      <Filter>Interface Files</Filter>
    </ClInclude>
    <ClInclude Include="..\h\vd2\Riza\audioformat.h">
      <Filter>Interface Files</Filter>
    </ClInclude>
    <ClInclude Include="..\h\vd2\Riza\audioout.h">
      <Filter>Interface Files</Filter>
    </ClInclude>
    <ClInclude Include="..\h\vd2\Riza\avi.h">
      <Filter>Interface Files</Filter>
    </ClInclude>
    <ClInclude Include="..\h\vd2\Riza\bitmap.h">
      <Filter>Interface Files</Filter>
    </ClInclude>
    <ClInclude Include="..\h\vd2\Riza\direct3d.h">
      <Filter>Interface Files</Filter>
    </ClInclude>
    <ClInclude Include="..\h\vd2\Riza\displaydrvdx9.h">
      <Filter>Interface Files</Filter>
    </ClInclude>
    <ClInclude Include="..\h\vd2\Riza\opengl.h">
      <Filter>Interface Files</Filter>
    </ClInclude>
    <ClInclude Include="..\h\vd2\Riza\videocodec.h">
      <Filter>Interface Files</Filter>
    </ClInclude>
    <ClInclude Include="..\h\vd2\Riza\w32audiocodec.h">
      <Filter>Interface Files</Filter>
    </ClInclude>
  </ItemGroup>
  <ItemGroup>
    <YASM Include="source\a_resync.asm">
      <Filter>Assembly Files %28x86%29</Filter>
    </YASM>
  </ItemGroup>
  <ItemGroup>
    <None Include="source\displaydx9_ff.fxh">
      <Filter>Shader Files</Filter>
    </None>
    <None Include="source\displaydx9_ps1.fxh">
      <Filter>Shader Files</Filter>
    </None>
    <None Include="source\displaydx9_ps14.fxh">
      <Filter>Shader Files</Filter>
    </None>
    <None Include="source\displaydx9_ps2.fxh">
      <Filter>Shader Files</Filter>
    </None>
    <None Include="source\stddefs.fxh">
      <Filter>Shader Files</Filter>
    </None>
    <None Include="source\utils.fxh">
      <Filter>Shader Files</Filter>
    </None>
    <None Include="h\displaydx9_shader.inl">
      <Filter>Autogenerated Header Files</Filter>
    </None>
  </ItemGroup>
  <ItemGroup>
    <CustomBuild Include="source\displaydx9.fx">
      <Filter>Shader Files</Filter>
    </CustomBuild>
  </ItemGroup>
</Project>